
Microsoft Visual Studio Solution File, Format Version 12.00
# Visual Studio Version 17
VisualStudioVersion = 17.6.33801.468
MinimumVisualStudioVersion = 10.0.40219.1
Project("{FAE04EC0-301F-11D3-BF4B-00C04F79EFBC}") = "TaskBoard", "TaskBoard\TaskBoard.csproj", "{B4C44558-D3BE-477A-8705-355C2BB3D185}"
EndProject
Global
	GlobalSection(SolutionConfigurationPlatforms) = preSolution
		Debug|Any CPU = Debug|Any CPU
		Release|Any CPU = Release|Any CPU
	EndGlobalSection
	GlobalSection(ProjectConfigurationPlatforms) = postSolution
		{B4C44558-D3BE-477A-8705-355C2BB3D185}.Debug|Any CPU.ActiveCfg = Debug|Any CPU
		{B4C44558-D3BE-477A-8705-355C2BB3D185}.Debug|Any CPU.Build.0 = Debug|Any CPU
		{B4C44558-D3BE-477A-8705-355C2BB3D185}.Release|Any CPU.ActiveCfg = Release|Any CPU
		{B4C44558-D3BE-477A-8705-355C2BB3D185}.Release|Any CPU.Build.0 = Release|Any CPU
	EndGlobalSection
	GlobalSection(SolutionProperties) = preSolution
		HideSolutionNode = FALSE
	EndGlobalSection
	GlobalSection(ExtensibilityGlobals) = postSolution
		SolutionGuid = {03C8FE84-A3F2-4E3C-B83D-0E381AF5A2BE}
	EndGlobalSection
EndGlobal
