
Microsoft Visual Studio Solution File, Format Version 12.00
# Visual Studio Version 17
VisualStudioVersion = 17.6.33801.468
MinimumVisualStudioVersion = 10.0.40219.1
Project("{FAE04EC0-301F-11D3-BF4B-00C04F79EFBC}") = "MyWebSite", "MyWebSite\MyWebSite.csproj", "{D483D2C2-CC79-467B-9388-233A8BEC3513}"
EndProject
Global
	GlobalSection(SolutionConfigurationPlatforms) = preSolution
		Debug|Any CPU = Debug|Any CPU
		Release|Any CPU = Release|Any CPU
	EndGlobalSection
	GlobalSection(ProjectConfigurationPlatforms) = postSolution
		{D483D2C2-CC79-467B-9388-233A8BEC3513}.Debug|Any CPU.ActiveCfg = Debug|Any CPU
		{D483D2C2-CC79-467B-9388-233A8BEC3513}.Debug|Any CPU.Build.0 = Debug|Any CPU
		{D483D2C2-CC79-467B-9388-233A8BEC3513}.Release|Any CPU.ActiveCfg = Release|Any CPU
		{D483D2C2-CC79-467B-9388-233A8BEC3513}.Release|Any CPU.Build.0 = Release|Any CPU
	EndGlobalSection
	GlobalSection(SolutionProperties) = preSolution
		HideSolutionNode = FALSE
	EndGlobalSection
	GlobalSection(ExtensibilityGlobals) = postSolution
		SolutionGuid = {04588955-BBAA-4FE6-88C1-3C5B45576F0E}
	EndGlobalSection
EndGlobal
