
Microsoft Visual Studio Solution File, Format Version 12.00
# Visual Studio Version 17
VisualStudioVersion = 17.6.33801.468
MinimumVisualStudioVersion = 10.0.40219.1
Project("{FAE04EC0-301F-11D3-BF4B-00C04F79EFBC}") = "TaskBoardApp", "TaskBoardApp\TaskBoardApp.csproj", "{80CD488D-BC46-4D3B-9758-0C88DB51FB5E}"
EndProject
Global
	GlobalSection(SolutionConfigurationPlatforms) = preSolution
		Debug|Any CPU = Debug|Any CPU
		Release|Any CPU = Release|Any CPU
	EndGlobalSection
	GlobalSection(ProjectConfigurationPlatforms) = postSolution
		{80CD488D-BC46-4D3B-9758-0C88DB51FB5E}.Debug|Any CPU.ActiveCfg = Debug|Any CPU
		{80CD488D-BC46-4D3B-9758-0C88DB51FB5E}.Debug|Any CPU.Build.0 = Debug|Any CPU
		{80CD488D-BC46-4D3B-9758-0C88DB51FB5E}.Release|Any CPU.ActiveCfg = Release|Any CPU
		{80CD488D-BC46-4D3B-9758-0C88DB51FB5E}.Release|Any CPU.Build.0 = Release|Any CPU
	EndGlobalSection
	GlobalSection(SolutionProperties) = preSolution
		HideSolutionNode = FALSE
	EndGlobalSection
	GlobalSection(ExtensibilityGlobals) = postSolution
		SolutionGuid = {3638F216-6D5E-4D93-B2A2-FCCA11AD2DA1}
	EndGlobalSection
EndGlobal
